// !$*UTF8*$!
{
	archiveVersion = 1;
	classes = {
	};
	objectVersion = 50;
	objects = {

/* Begin PBXBuildFile section */
		823BDB9621ADA01F00C29B64 /* AppDelegate.swift in Sources */ = {isa = PBXBuildFile; fileRef = 823BDB9521ADA01F00C29B64 /* AppDelegate.swift */; };
		823BDB9B21ADA01F00C29B64 /* Main.storyboard in Resources */ = {isa = PBXBuildFile; fileRef = 823BDB9921ADA01F00C29B64 /* Main.storyboard */; };
		823BDB9D21ADA02000C29B64 /* Assets.xcassets in Resources */ = {isa = PBXBuildFile; fileRef = 823BDB9C21ADA02000C29B64 /* Assets.xcassets */; };
		823BDBA021ADA02000C29B64 /* LaunchScreen.storyboard in Resources */ = {isa = PBXBuildFile; fileRef = 823BDB9E21ADA02000C29B64 /* LaunchScreen.storyboard */; };
		823BDBA821ADA1D000C29B64 /* CardFinderController.swift in Sources */ = {isa = PBXBuildFile; fileRef = 823BDBA721ADA1D000C29B64 /* CardFinderController.swift */; };
		823BDBAB21ADA1E600C29B64 /* AVFoundation.framework in Frameworks */ = {isa = PBXBuildFile; fileRef = 823BDBAA21ADA1E600C29B64 /* AVFoundation.framework */; };
		823BDBAD21ADA1EC00C29B64 /* Vision.framework in Frameworks */ = {isa = PBXBuildFile; fileRef = 823BDBAC21ADA1EC00C29B64 /* Vision.framework */; };
/* End PBXBuildFile section */

/* Begin PBXFileReference section */
		823BDB9221ADA01F00C29B64 /* CardGrabber.app */ = {isa = PBXFileReference; explicitFileType = wrapper.application; includeInIndex = 0; path = CardGrabber.app; sourceTree = BUILT_PRODUCTS_DIR; };
		823BDB9521ADA01F00C29B64 /* AppDelegate.swift */ = {isa = PBXFileReference; lastKnownFileType = sourcecode.swift; path = AppDelegate.swift; sourceTree = "<group>"; };
		823BDB9A21ADA01F00C29B64 /* Base */ = {isa = PBXFileReference; lastKnownFileType = file.storyboard; name = Base; path = Base.lproj/Main.storyboard; sourceTree = "<group>"; };
		823BDB9C21ADA02000C29B64 /* Assets.xcassets */ = {isa = PBXFileReference; lastKnownFileType = folder.assetcatalog; path = Assets.xcassets; sourceTree = "<group>"; };
		823BDB9F21ADA02000C29B64 /* Base */ = {isa = PBXFileReference; lastKnownFileType = file.storyboard; name = Base; path = Base.lproj/LaunchScreen.storyboard; sourceTree = "<group>"; };
		823BDBA121ADA02000C29B64 /* Info.plist */ = {isa = PBXFileReference; lastKnownFileType = text.plist.xml; path = Info.plist; sourceTree = "<group>"; };
		823BDBA721ADA1D000C29B64 /* CardFinderController.swift */ = {isa = PBXFileReference; lastKnownFileType = sourcecode.swift; path = CardFinderController.swift; sourceTree = "<group>"; };
		823BDBAA21ADA1E600C29B64 /* AVFoundation.framework */ = {isa = PBXFileReference; lastKnownFileType = wrapper.framework; name = AVFoundation.framework; path = System/Library/Frameworks/AVFoundation.framework; sourceTree = SDKROOT; };
		823BDBAC21ADA1EC00C29B64 /* Vision.framework */ = {isa = PBXFileReference; lastKnownFileType = wrapper.framework; name = Vision.framework; path = System/Library/Frameworks/Vision.framework; sourceTree = SDKROOT; };
/* End PBXFileReference section */

/* Begin PBXFrameworksBuildPhase section */
		823BDB8F21ADA01F00C29B64 /* Frameworks */ = {
			isa = PBXFrameworksBuildPhase;
			buildActionMask = 2147483647;
			files = (
				823BDBAD21ADA1EC00C29B64 /* Vision.framework in Frameworks */,
				823BDBAB21ADA1E600C29B64 /* AVFoundation.framework in Frameworks */,
			);
			runOnlyForDeploymentPostprocessing = 0;
		};
/* End PBXFrameworksBuildPhase section */

/* Begin PBXGroup section */
		823BDB8921ADA01F00C29B64 = {
			isa = PBXGroup;
			children = (
				823BDB9421ADA01F00C29B64 /* CardGrabber */,
				823BDB9321ADA01F00C29B64 /* Products */,
				823BDBA921ADA1E600C29B64 /* Frameworks */,
			);
			sourceTree = "<group>";
		};
		823BDB9321ADA01F00C29B64 /* Products */ = {
			isa = PBXGroup;
			children = (
				823BDB9221ADA01F00C29B64 /* CardGrabber.app */,
			);
			name = Products;
			sourceTree = "<group>";
		};
		823BDB9421ADA01F00C29B64 /* CardGrabber */ = {
			isa = PBXGroup;
			children = (
				823BDB9521ADA01F00C29B64 /* AppDelegate.swift */,
				823BDB9921ADA01F00C29B64 /* Main.storyboard */,
				823BDB9C21ADA02000C29B64 /* Assets.xcassets */,
				823BDB9E21ADA02000C29B64 /* LaunchScreen.storyboard */,
				823BDBA121ADA02000C29B64 /* Info.plist */,
				823BDBA721ADA1D000C29B64 /* CardFinderController.swift */,
			);
			path = CardGrabber;
			sourceTree = "<group>";
		};
		823BDBA921ADA1E600C29B64 /* Frameworks */ = {
			isa = PBXGroup;
			children = (
				823BDBAC21ADA1EC00C29B64 /* Vision.framework */,
				823BDBAA21ADA1E600C29B64 /* AVFoundation.framework */,
			);
			name = Frameworks;
			sourceTree = "<group>";
		};
/* End PBXGroup section */

/* Begin PBXNativeTarget section */
		823BDB9121ADA01F00C29B64 /* CardGrabber */ = {
			isa = PBXNativeTarget;
			buildConfigurationList = 823BDBA421ADA02000C29B64 /* Build configuration list for PBXNativeTarget "CardGrabber" */;
			buildPhases = (
				823BDB8E21ADA01F00C29B64 /* Sources */,
				823BDB8F21ADA01F00C29B64 /* Frameworks */,
				823BDB9021ADA01F00C29B64 /* Resources */,
			);
			buildRules = (
			);
			dependencies = (
			);
			name = CardGrabber;
			productName = CardGrabber;
			productReference = 823BDB9221ADA01F00C29B64 /* CardGrabber.app */;
			productType = "com.apple.product-type.application";
		};
/* End PBXNativeTarget section */

/* Begin PBXProject section */
		823BDB8A21ADA01F00C29B64 /* Project object */ = {
			isa = PBXProject;
			attributes = {
				LastSwiftUpdateCheck = 1010;
				LastUpgradeCheck = 1010;
				ORGANIZATIONNAME = NVM;
				TargetAttributes = {
					823BDB9121ADA01F00C29B64 = {
						CreatedOnToolsVersion = 10.1;
					};
				};
			};
			buildConfigurationList = 823BDB8D21ADA01F00C29B64 /* Build configuration list for PBXProject "CardGrabber" */;
			compatibilityVersion = "Xcode 9.3";
			developmentRegion = en;
			hasScannedForEncodings = 0;
			knownRegions = (
				en,
				Base,
			);
			mainGroup = 823BDB8921ADA01F00C29B64;
			productRefGroup = 823BDB9321ADA01F00C29B64 /* Products */;
			projectDirPath = "";
			projectRoot = "";
			targets = (
				823BDB9121ADA01F00C29B64 /* CardGrabber */,
			);
		};
/* End PBXProject section */

/* Begin PBXResourcesBuildPhase section */
		823BDB9021ADA01F00C29B64 /* Resources */ = {
			isa = PBXResourcesBuildPhase;
			buildActionMask = 2147483647;
			files = (
				823BDBA021ADA02000C29B64 /* LaunchScreen.storyboard in Resources */,
				823BDB9D21ADA02000C29B64 /* Assets.xcassets in Resources */,
				823BDB9B21ADA01F00C29B64 /* Main.storyboard in Resources */,
			);
			runOnlyForDeploymentPostprocessing = 0;
		};
/* End PBXResourcesBuildPhase section */

/* Begin PBXSourcesBuildPhase section */
		823BDB8E21ADA01F00C29B64 /* Sources */ = {
			isa = PBXSourcesBuildPhase;
			buildActionMask = 2147483647;
			files = (
				823BDB9621ADA01F00C29B64 /* AppDelegate.swift in Sources */,
				823BDBA821ADA1D000C29B64 /* CardFinderController.swift in Sources */,
			);
			runOnlyForDeploymentPostprocessing = 0;
		};
/* End PBXSourcesBuildPhase section */

/* Begin PBXVariantGroup section */
		823BDB9921ADA01F00C29B64 /* Main.storyboard */ = {
			isa = PBXVariantGroup;
			children = (
				823BDB9A21ADA01F00C29B64 /* Base */,
			);
			name = Main.storyboard;
			sourceTree = "<group>";
		};
		823BDB9E21ADA02000C29B64 /* LaunchScreen.storyboard */ = {
			isa = PBXVariantGroup;
			children = (
				823BDB9F21ADA02000C29B64 /* Base */,
			);
			name = LaunchScreen.storyboard;
			sourceTree = "<group>";
		};
/* End PBXVariantGroup section */

/* Begin XCBuildConfiguration section */
		823BDBA221ADA02000C29B64 /* Debug */ = {
			isa = XCBuildConfiguration;
			buildSettings = {
				ALWAYS_SEARCH_USER_PATHS = NO;
				CLANG_ANALYZER_NONNULL = YES;
				CLANG_ANALYZER_NUMBER_OBJECT_CONVERSION = YES_AGGRESSIVE;
				CLANG_CXX_LANGUAGE_STANDARD = "gnu++14";
				CLANG_CXX_LIBRARY = "libc++";
				CLANG_ENABLE_MODULES = YES;
				CLANG_ENABLE_OBJC_ARC = YES;
				CLANG_ENABLE_OBJC_WEAK = YES;
				CLANG_WARN_BLOCK_CAPTURE_AUTORELEASING = YES;
				CLANG_WARN_BOOL_CONVERSION = YES;
				CLANG_WARN_COMMA = YES;
				CLANG_WARN_CONSTANT_CONVERSION = YES;
				CLANG_WARN_DEPRECATED_OBJC_IMPLEMENTATIONS = YES;
				CLANG_WARN_DIRECT_OBJC_ISA_USAGE = YES_ERROR;
				CLANG_WARN_DOCUMENTATION_COMMENTS = YES;
				CLANG_WARN_EMPTY_BODY = YES;
				CLANG_WARN_ENUM_CONVERSION = YES;
				CLANG_WARN_INFINITE_RECURSION = YES;
				CLANG_WARN_INT_CONVERSION = YES;
				CLANG_WARN_NON_LITERAL_NULL_CONVERSION = YES;
				CLANG_WARN_OBJC_IMPLICIT_RETAIN_SELF = YES;
				CLANG_WARN_OBJC_LITERAL_CONVERSION = YES;
				CLANG_WARN_OBJC_ROOT_CLASS = YES_ERROR;
				CLANG_WARN_RANGE_LOOP_ANALYSIS = YES;
				CLANG_WARN_STRICT_PROTOTYPES = YES;
				CLANG_WARN_SUSPICIOUS_MOVE = YES;
				CLANG_WARN_UNGUARDED_AVAILABILITY = YES_AGGRESSIVE;
				CLANG_WARN_UNREACHABLE_CODE = YES;
				CLANG_WARN__DUPLICATE_METHOD_MATCH = YES;
				CODE_SIGN_IDENTITY = "iPhone Developer";
				COPY_PHASE_STRIP = NO;
				DEBUG_INFORMATION_FORMAT = dwarf;
				ENABLE_STRICT_OBJC_MSGSEND = YES;
				ENABLE_TESTABILITY = YES;
				GCC_C_LANGUAGE_STANDARD = gnu11;
				GCC_DYNAMIC_NO_PIC = NO;
				GCC_NO_COMMON_BLOCKS = YES;
				GCC_OPTIMIZATION_LEVEL = 0;
				GCC_PREPROCESSOR_DEFINITIONS = (
					"DEBUG=1",
					"$(inherited)",
				);
				GCC_WARN_64_TO_32_BIT_CONVERSION = YES;
				GCC_WARN_ABOUT_RETURN_TYPE = YES_ERROR;
				GCC_WARN_UNDECLARED_SELECTOR = YES;
				GCC_WARN_UNINITIALIZED_AUTOS = YES_AGGRESSIVE;
				GCC_WARN_UNUSED_FUNCTION = YES;
				GCC_WARN_UNUSED_VARIABLE = YES;
				IPHONEOS_DEPLOYMENT_TARGET = 12.1;
				MTL_ENABLE_DEBUG_INFO = INCLUDE_SOURCE;
				MTL_FAST_MATH = YES;
				ONLY_ACTIVE_ARCH = YES;
				SDKROOT = iphoneos;
				SWIFT_ACTIVE_COMPILATION_CONDITIONS = DEBUG;
				SWIFT_OPTIMIZATION_LEVEL = "-Onone";
			};
			name = Debug;
		};
		823BDBA321ADA02000C29B64 /* Release */ = {
			isa = XCBuildConfiguration;
			buildSettings = {
				ALWAYS_SEARCH_USER_PATHS = NO;
				CLANG_ANALYZER_NONNULL = YES;
				CLANG_ANALYZER_NUMBER_OBJECT_CONVERSION = YES_AGGRESSIVE;
				CLANG_CXX_LANGUAGE_STANDARD = "gnu++14";
				CLANG_CXX_LIBRARY = "libc++";
				CLANG_ENABLE_MODULES = YES;
				CLANG_ENABLE_OBJC_ARC = YES;
				CLANG_ENABLE_OBJC_WEAK = YES;
				CLANG_WARN_BLOCK_CAPTURE_AUTORELEASING = YES;
				CLANG_WARN_BOOL_CONVERSION = YES;
				CLANG_WARN_COMMA = YES;
				CLANG_WARN_CONSTANT_CONVERSION = YES;
				CLANG_WARN_DEPRECATED_OBJC_IMPLEMENTATIONS = YES;
				CLANG_WARN_DIRECT_OBJC_ISA_USAGE = YES_ERROR;
				CLANG_WARN_DOCUMENTATION_COMMENTS = YES;
				CLANG_WARN_EMPTY_BODY = YES;
				CLANG_WARN_ENUM_CONVERSION = YES;
				CLANG_WARN_INFINITE_RECURSION = YES;
				CLANG_WARN_INT_CONVERSION = YES;
				CLANG_WARN_NON_LITERAL_NULL_CONVERSION = YES;
				CLANG_WARN_OBJC_IMPLICIT_RETAIN_SELF = YES;
				CLANG_WARN_OBJC_LITERAL_CONVERSION = YES;
				CLANG_WARN_OBJC_ROOT_CLASS = YES_ERROR;
				CLANG_WARN_RANGE_LOOP_ANALYSIS = YES;
				CLANG_WARN_STRICT_PROTOTYPES = YES;
				CLANG_WARN_SUSPICIOUS_MOVE = YES;
				CLANG_WARN_UNGUARDED_AVAILABILITY = YES_AGGRESSIVE;
				CLANG_WARN_UNREACHABLE_CODE = YES;
				CLANG_WARN__DUPLICATE_METHOD_MATCH = YES;
				CODE_SIGN_IDENTITY = "iPhone Developer";
				COPY_PHASE_STRIP = NO;
				DEBUG_INFORMATION_FORMAT = "dwarf-with-dsym";
				ENABLE_NS_ASSERTIONS = NO;
				ENABLE_STRICT_OBJC_MSGSEND = YES;
				GCC_C_LANGUAGE_STANDARD = gnu11;
				GCC_NO_COMMON_BLOCKS = YES;
				GCC_WARN_64_TO_32_BIT_CONVERSION = YES;
				GCC_WARN_ABOUT_RETURN_TYPE = YES_ERROR;
				GCC_WARN_UNDECLARED_SELECTOR = YES;
				GCC_WARN_UNINITIALIZED_AUTOS = YES_AGGRESSIVE;
				GCC_WARN_UNUSED_FUNCTION = YES;
				GCC_WARN_UNUSED_VARIABLE = YES;
				IPHONEOS_DEPLOYMENT_TARGET = 12.1;
				MTL_ENABLE_DEBUG_INFO = NO;
				MTL_FAST_MATH = YES;
				SDKROOT = iphoneos;
				SWIFT_COMPILATION_MODE = wholemodule;
				SWIFT_OPTIMIZATION_LEVEL = "-O";
				VALIDATE_PRODUCT = YES;
			};
			name = Release;
		};
		823BDBA521ADA02000C29B64 /* Debug */ = {
			isa = XCBuildConfiguration;
			buildSettings = {
				ALWAYS_EMBED_SWIFT_STANDARD_LIBRARIES = YES;
				ASSETCATALOG_COMPILER_APPICON_NAME = AppIcon;
				CODE_SIGN_STYLE = Automatic;
				DEVELOPMENT_TEAM = 37EG32LGCB;
				INFOPLIST_FILE = CardGrabber/Info.plist;
				LD_RUNPATH_SEARCH_PATHS = (
					"$(inherited)",
					"@executable_path/Frameworks",
				);
				PRODUCT_BUNDLE_IDENTIFIER = NVMT.CardGrabber;
				PRODUCT_NAME = "$(TARGET_NAME)";
				SWIFT_VERSION = 4.2;
				TARGETED_DEVICE_FAMILY = "1,2";
			};
			name = Debug;
		};
		823BDBA621ADA02000C29B64 /* Release */ = {
			isa = XCBuildConfiguration;
			buildSettings = {
				ALWAYS_EMBED_SWIFT_STANDARD_LIBRARIES = YES;
				ASSETCATALOG_COMPILER_APPICON_NAME = AppIcon;
				CODE_SIGN_STYLE = Automatic;
				DEVELOPMENT_TEAM = 37EG32LGCB;
				INFOPLIST_FILE = CardGrabber/Info.plist;
				LD_RUNPATH_SEARCH_PATHS = (
					"$(inherited)",
					"@executable_path/Frameworks",
				);
				PRODUCT_BUNDLE_IDENTIFIER = NVMT.CardGrabber;
				PRODUCT_NAME = "$(TARGET_NAME)";
				SWIFT_VERSION = 4.2;
				TARGETED_DEVICE_FAMILY = "1,2";
			};
			name = Release;
		};
/* End XCBuildConfiguration section */

/* Begin XCConfigurationList section */
		823BDB8D21ADA01F00C29B64 /* Build configuration list for PBXProject "CardGrabber" */ = {
			isa = XCConfigurationList;
			buildConfigurations = (
				823BDBA221ADA02000C29B64 /* Debug */,
				823BDBA321ADA02000C29B64 /* Release */,
			);
			defaultConfigurationIsVisible = 0;
			defaultConfigurationName = Release;
		};
		823BDBA421ADA02000C29B64 /* Build configuration list for PBXNativeTarget "CardGrabber" */ = {
			isa = XCConfigurationList;
			buildConfigurations = (
				823BDBA521ADA02000C29B64 /* Debug */,
				823BDBA621ADA02000C29B64 /* Release */,
			);
			defaultConfigurationIsVisible = 0;
			defaultConfigurationName = Release;
		};
/* End XCConfigurationList section */
	};
	rootObject = 823BDB8A21ADA01F00C29B64 /* Project object */;
}
